PODS:
  - FSPagerView (0.8.3)
  - HXPhotoPicker (3.3.1):
    - HXPhotoPicker/Default (= 3.3.1)
  - HXPhotoPicker/Default (3.3.1)
  - Kingfisher (6.3.1)
  - KNPhotoBrowser (2.5.9):
    - SDWebImage
  - LSTPopView (0.3.10):
    - LSTPopView/Code (= 0.3.10)
    - LSTTimer
  - LSTPopView/Code (0.3.10):
    - LSTTimer
  - LSTTimer (0.2.10)
  - LYEmptyView (1.3.1)
  - MBProgressHUD (1.2.0)
  - MJRefresh (3.7.5)
  - RxCocoa (6.5.0):
    - RxRelay (= 6.5.0)
    - RxSwift (= 6.5.0)
  - RxRelay (6.5.0):
    - RxSwift (= 6.5.0)
  - RxSwift (6.5.0)
  - SDWebImage (5.13.2):
    - SDWebImage/Core (= 5.13.2)
  - SDWebImage/Core (5.13.2)
  - SnapKit (5.6.0)
  - ZYFComponentTool (0.0.4):
    - FSPagerView
    - HXPhotoPicker
    - Kingfisher
    - KNPhotoBrowser
    - LSTPopView
    - LYEmptyView
    - MBProgressHUD
    - MJRefresh
    - RxCocoa
    - RxSwift
    - SnapKit

DEPENDENCIES:
  - ZYFComponentTool (from `../`)

SPEC REPOS:
  trunk:
    - FSPagerView
    - HXPhotoPicker
    - Kingfisher
    - KNPhotoBrowser
    - LSTPopView
    - LSTTimer
    - LYEmptyView
    - MBProgressHUD
    - MJRefresh
    - RxCocoa
    - RxRelay
    - RxSwift
    - SDWebImage
    - SnapKit

EXTERNAL SOURCES:
  ZYFComponentTool:
    :path: "../"

SPEC CHECKSUMS:
  FSPagerView: 670405b2f18e2a87fa37f20b00de783e562c25a8
  HXPhotoPicker: f1274d0c931ad8564e0f23f33fe8b6110b639bd7
  Kingfisher: 016c8b653a35add51dd34a3aba36b580041acc74
  KNPhotoBrowser: 52e9b470754326359bc43077318f1fa532458cf8
  LSTPopView: 9379f00f6ce7d1fc620b50ab00ed3ef97b2d4d52
  LSTTimer: caf8f02ff366ca175cf4c1778d26c166183c1b6f
  LYEmptyView: b6d418cfa38b78df0cf243f9a9c25ccbdc399922
  MBProgressHUD: 3ee5efcc380f6a79a7cc9b363dd669c5e1ae7406
  MJRefresh: fdf5e979eb406a0341468932d1dfc8b7f9fce961
  RxCocoa: 94f817b71c07517321eb4f9ad299112ca8af743b
  RxRelay: 1de1523e604c72b6c68feadedd1af3b1b4d0ecbd
  RxSwift: 5710a9e6b17f3c3d6e40d6e559b9fa1e813b2ef8
  SDWebImage: 72f86271a6f3139cc7e4a89220946489d4b9a866
  SnapKit: e01d52ebb8ddbc333eefe2132acf85c8227d9c25
  ZYFComponentTool: 8f19ead22289c79660a149c6637e898b941116d7

PODFILE CHECKSUM: 03a558c44231a28e31e6fa27bb4f82fdcaa426f7

COCOAPODS: 1.11.2
