PODS:
  - AxcAE_TabBar (1.0.5)
  - FSPagerView (0.8.3)
  - GKNavigationBar (1.8.2):
    - GKNavigationBar/GestureHandle (= 1.8.2)
    - GKNavigationBar/NavigationBar (= 1.8.2)
  - GKNavigationBar/GestureHandle (1.8.2)
  - GKNavigationBar/NavigationBar (1.8.2)
  - HandyJSON (5.0.2)
  - HXPhotoPicker (3.3.1):
    - HXPhotoPicker/Default (= 3.3.1)
  - HXPhotoPicker/Default (3.3.1)
  - JXCategoryView (1.6.1)
  - JXPagingView/Pager (2.1.2)
  - Kingfisher (6.3.1)
  - KNPhotoBrowser (2.5.9):
    - SDWebImage
  - LSTPopView (0.3.10):
    - LSTPopView/Code (= 0.3.10)
    - LSTTimer
  - LSTPopView/Code (0.3.10):
    - LSTTimer
  - LSTTimer (0.2.10)
  - LYEmptyView (1.3.1)
  - Masonry (1.1.0)
  - MBProgressHUD (1.2.0)
  - MJRefresh (3.7.5)
  - RxCocoa (6.5.0):
    - RxRelay (= 6.5.0)
    - RxSwift (= 6.5.0)
  - RxRelay (6.5.0):
    - RxSwift (= 6.5.0)
  - RxSwift (6.5.0)
  - SDWebImage (5.13.2):
    - SDWebImage/Core (= 5.13.2)
  - SDWebImage/Core (5.13.2)
  - SnapKit (5.6.0)
  - UMCCommonLog (2.0.2)
  - UMCommon (7.3.8):
    - UMDevice
  - UMDevice (2.2.1)
  - UMPush (4.0.4):
    - UMCommon
  - UMShare/Core (6.10.7):
    - UMCommon
  - UMShare/Social/ReducedWeChat (6.10.7):
    - UMCommon
    - UMShare/Core
  - UMShare/Social/WeChat (6.10.7):
    - UMCommon
    - UMShare/Core
    - UMShare/Social/ReducedWeChat
  - YYKit (1.0.9):
    - YYKit/no-arc (= 1.0.9)
  - YYKit/no-arc (1.0.9)
  - ZLCollectionViewFlowLayout (1.4.8)
  - ZYFComponentTool (0.0.5):
    - AxcAE_TabBar
    - FSPagerView
    - GKNavigationBar
    - HandyJSON
    - HXPhotoPicker
    - JXCategoryView
    - JXPagingView/Pager
    - Kingfisher
    - KNPhotoBrowser
    - LSTPopView
    - LYEmptyView
    - Masonry
    - MBProgressHUD
    - MJRefresh
    - RxCocoa
    - RxSwift
    - SnapKit
    - YYKit
    - ZLCollectionViewFlowLayout

DEPENDENCIES:
  - UMCCommonLog
  - UMCommon
  - UMDevice
  - UMPush
  - UMShare/Social/WeChat
  - ZYFComponentTool (from `../`)

SPEC REPOS:
  trunk:
    - AxcAE_TabBar
    - FSPagerView
    - GKNavigationBar
    - HandyJSON
    - HXPhotoPicker
    - JXCategoryView
    - JXPagingView
    - Kingfisher
    - KNPhotoBrowser
    - LSTPopView
    - LSTTimer
    - LYEmptyView
    - Masonry
    - MBProgressHUD
    - MJRefresh
    - RxCocoa
    - RxRelay
    - RxSwift
    - SDWebImage
    - SnapKit
    - UMCCommonLog
    - UMCommon
    - UMDevice
    - UMPush
    - UMShare
    - YYKit
    - ZLCollectionViewFlowLayout

EXTERNAL SOURCES:
  ZYFComponentTool:
    :path: "../"

SPEC CHECKSUMS:
  AxcAE_TabBar: 1d5bcf6c4921889dc38839b6ba2c584a9b55251a
  FSPagerView: 670405b2f18e2a87fa37f20b00de783e562c25a8
  GKNavigationBar: 206f8d5dedd5535aa3a2786dd28afdf3d59a0157
  HandyJSON: 9e4e236f5d2dbefad5155a77417bbea438201c03
  HXPhotoPicker: f1274d0c931ad8564e0f23f33fe8b6110b639bd7
  JXCategoryView: 7b1ee69ede4843c581688afe84d0f047723262f2
  JXPagingView: 90924b364a2ff7e94db534fad1fa50925ff69ee4
  Kingfisher: 016c8b653a35add51dd34a3aba36b580041acc74
  KNPhotoBrowser: 52e9b470754326359bc43077318f1fa532458cf8
  LSTPopView: 9379f00f6ce7d1fc620b50ab00ed3ef97b2d4d52
  LSTTimer: caf8f02ff366ca175cf4c1778d26c166183c1b6f
  LYEmptyView: b6d418cfa38b78df0cf243f9a9c25ccbdc399922
  Masonry: 678fab65091a9290e40e2832a55e7ab731aad201
  MBProgressHUD: 3ee5efcc380f6a79a7cc9b363dd669c5e1ae7406
  MJRefresh: fdf5e979eb406a0341468932d1dfc8b7f9fce961
  RxCocoa: 94f817b71c07517321eb4f9ad299112ca8af743b
  RxRelay: 1de1523e604c72b6c68feadedd1af3b1b4d0ecbd
  RxSwift: 5710a9e6b17f3c3d6e40d6e559b9fa1e813b2ef8
  SDWebImage: 72f86271a6f3139cc7e4a89220946489d4b9a866
  SnapKit: e01d52ebb8ddbc333eefe2132acf85c8227d9c25
  UMCCommonLog: bea707e50c85cef4b0eb47cc5c7226bb843245ca
  UMCommon: fdb5bac9e7ec2aca4f9cfc0febf414b59ed302cb
  UMDevice: 053478c4b4d7292f31f0a275c227d3c4007a5571
  UMPush: 1496cebc2f50a1ff9ef74b69bf868c6c3960c97f
  UMShare: 8a1030a9793941d1129a82d5bc02cd97df5ae210
  YYKit: 7cda43304a8dc3696c449041e2cb3107b4e236e7
  ZLCollectionViewFlowLayout: 6cd506c05d77cb2ac0772f68155e377d50d39f8a
  ZYFComponentTool: 2e122c21bead14fcacf4ad4d5f2da42a9666202e

PODFILE CHECKSUM: aee12cdd83c75e21766a93f19fa42ebdaa0b957b

COCOAPODS: 1.11.3
